github.com/tom-blog-app/blog-proto v0.0.0-20240108183952-7f146e1f6be0 h1:S8nkRs3nKKVLf5ftnR/te0Bi7gUbInwLa2ge53clZ1o=
github.com/tom-blog-app/blog-proto v0.0.0-20240108183952-7f146e1f6be0/go.mod h1:jCCgYLhE+pY4ECA/NDA0lbiKVN7VXEZVx55ArcmKp1U=
github.com/tom-blog-app/blog-proto v1.0.10 h1:XwTvmIyH2Oxkft4UznryPUjtz6l6mGMiO5W+J9LzUyA=
github.com/tom-blog-app/blog-proto v1.0.10/go.mod h1:jCCgYLhE+pY4ECA/NDA0lbiKVN7VXEZVx55ArcmKp1U=
github.com/tom-blog-app/blog-proto v1.0.11 h1:ACs1cCMke9LQkPWZYCv63mRFojgx7d+oELTMVUjYA40=
github.com/tom-blog-app/blog-proto v1.0.11/go.mod h1:jCCgYLhE+pY4ECA/NDA0lbiKVN7VXEZVx55ArcmKp1U=
github.com/tom-blog-app/blog-proto v1.0.12 h1:qC0LepTOsFTTMQvBDmhdL0jgpDii92iU5a3pKC/J+SI=
github.com/tom-blog-app/blog-proto v1.0.12/go.mod h1:jCCgYLhE+pY4ECA/NDA0lbiKVN7VXEZVx55ArcmKp1U=
github.com/tom-blog-app/blog-proto v1.0.13 h1:zMLSI4ojqfKbRVxngaEWC5jTaEPO8dMc9slYYORY2mE=
github.com/tom-blog-app/blog-proto v1.0.13/go.mod h1:jCCgYLhE+pY4ECA/NDA0lbiKVN7VXEZVx55ArcmKp1U=
github.com/tom-blog-app/blog-proto v1.0.14 h1:0Kb+zwMdTuWAPutofnLTcsCFvyvhfurzDc1TGgRZdLY=
github.com/tom-blog-app/blog-proto v1.0.14/go.mod h1:jCCgYLhE+pY4ECA/NDA0lbiKVN7VXEZVx55ArcmKp1U=
github.com/tom-blog-app/blog-proto v1.0.15 h1:sHUALSensEOwiGcI4L5C4O71cy+7cACxeZZ/TbZLs2Y=
github.com/tom-blog-app/blog-proto v1.0.15/go.mod h1:jCCgYLhE+pY4ECA/NDA0lbiKVN7VXEZVx55ArcmKp1U=
github.com/tom-blog-app/blog-utils v1.0.1 h1:J/6+Gy8kInV0b3FJGzTz4HaSHt4xGmkV/EqtmuJK9os=
github.com/tom-blog-app/blog-utils v1.0.1/go.mod h1:Ly1JhJlRVzcYOTVOBDIwvRT9hRGHXyBKvFiK4Z+FA0I=
github.com/tom-blog-app/blog-utils v1.0.3 h1:nEKlNjcF1qPcKvRa3uy06DLs0sqTm/LxHwYjI427Z8M=
github.com/tom-blog-app/blog-utils v1.0.3/go.mod h1:Ly1JhJlRVzcYOTVOBDIwvRT9hRGHXyBKvFiK4Z+FA0I=
github.com/tom-blog-app/blog-utils v1.0.4 h1:wDAeaAlNjgEKGr7xnTju4ojVVHoyqc1wGdAJfdGmMRA=
github.com/tom-blog-app/blog-utils v1.0.4/go.mod h1:Ly1JhJlRVzcYOTVOBDIwvRT9hRGHXyBKvFiK4Z+FA0I=
github.com/tom-blog-app/blog-utils v1.0.5 h1:BcC9Z9dz1xGC2OW2p0qumyAV7w0b9rjSC2y+v792niY=
github.com/tom-blog-app/blog-utils v1.0.5/go.mod h1:Ly1JhJlRVzcYOTVOBDIwvRT9hRGHXyBKvFiK4Z+FA0I=
